
Microsoft Visual Studio Solution File, Format Version 12.00
# Visual Studio 15
VisualStudioVersion = 15.0.28307.1082
MinimumVisualStudioVersion = 10.0.40219.1
Project("{FAE04EC0-301F-11D3-BF4B-00C04F79EFBC}") = "MineSweeper", "MineSweeper\MineSweeper.csproj", "{B4FFC3F2-3BF2-4D7E-9459-B83FA42700CD}"
EndProject
Global
	GlobalSection(SolutionConfigurationPlatforms) = preSolution
		Debug|Any CPU = Debug|Any CPU
		Release|Any CPU = Release|Any CPU
	EndGlobalSection
	GlobalSection(ProjectConfigurationPlatforms) = postSolution
		{B4FFC3F2-3BF2-4D7E-9459-B83FA42700CD}.Debug|Any CPU.ActiveCfg = Debug|Any CPU
		{B4FFC3F2-3BF2-4D7E-9459-B83FA42700CD}.Debug|Any CPU.Build.0 = Debug|Any CPU
		{B4FFC3F2-3BF2-4D7E-9459-B83FA42700CD}.Release|Any CPU.ActiveCfg = Release|Any CPU
		{B4FFC3F2-3BF2-4D7E-9459-B83FA42700CD}.Release|Any CPU.Build.0 = Release|Any CPU
	EndGlobalSection
	GlobalSection(SolutionProperties) = preSolution
		HideSolutionNode = FALSE
	EndGlobalSection
	GlobalSection(ExtensibilityGlobals) = postSolution
		SolutionGuid = {AF7958E2-CF39-4AE0-9A3E-8B771210BF3A}
	EndGlobalSection
EndGlobal
